
Microsoft Visual Studio Solution File, Format Version 12.00
# Visual Studio Version 16
VisualStudioVersion = 16.0.808.5
MinimumVisualStudioVersion = 10.0.40219.1
Project("{FAE04EC0-301F-11D3-BF4B-00C04F79EFBC}") = "MITalgorithms", "MITalgorithms\MITalgorithms.csproj", "{793C6553-BC52-4B60-8E68-2D7ABCE13D29}"
EndProject
Global
	GlobalSection(SolutionConfigurationPlatforms) = preSolution
		Debug|Any CPU = Debug|Any CPU
		Release|Any CPU = Release|Any CPU
	EndGlobalSection
	GlobalSection(ProjectConfigurationPlatforms) = postSolution
		{793C6553-BC52-4B60-8E68-2D7ABCE13D29}.Debug|Any CPU.ActiveCfg = Debug|Any CPU
		{793C6553-BC52-4B60-8E68-2D7ABCE13D29}.Debug|Any CPU.Build.0 = Debug|Any CPU
		{793C6553-BC52-4B60-8E68-2D7ABCE13D29}.Release|Any CPU.ActiveCfg = Release|Any CPU
		{793C6553-BC52-4B60-8E68-2D7ABCE13D29}.Release|Any CPU.Build.0 = Release|Any CPU
	EndGlobalSection
	GlobalSection(SolutionProperties) = preSolution
		HideSolutionNode = FALSE
	EndGlobalSection
	GlobalSection(ExtensibilityGlobals) = postSolution
		SolutionGuid = {CEC4D103-8B88-442C-951D-C9900DDA77C8}
	EndGlobalSection
EndGlobal
