
Microsoft Visual Studio Solution File, Format Version 12.00
# Visual Studio Version 16
VisualStudioVersion = 16.0.30804.86
MinimumVisualStudioVersion = 10.0.40219.1
Project("{FAE04EC0-301F-11D3-BF4B-00C04F79EFBC}") = "algorithms", "algorithms.csproj", "{DF7DBA42-8847-485C-8909-B809B7FBDA6E}"
EndProject
Global
	GlobalSection(SolutionConfigurationPlatforms) = preSolution
		Debug|Any CPU = Debug|Any CPU
		Release|Any CPU = Release|Any CPU
	EndGlobalSection
	GlobalSection(ProjectConfigurationPlatforms) = postSolution
		{DF7DBA42-8847-485C-8909-B809B7FBDA6E}.Debug|Any CPU.ActiveCfg = Debug|Any CPU
		{DF7DBA42-8847-485C-8909-B809B7FBDA6E}.Debug|Any CPU.Build.0 = Debug|Any CPU
		{DF7DBA42-8847-485C-8909-B809B7FBDA6E}.Release|Any CPU.ActiveCfg = Release|Any CPU
		{DF7DBA42-8847-485C-8909-B809B7FBDA6E}.Release|Any CPU.Build.0 = Release|Any CPU
	EndGlobalSection
	GlobalSection(SolutionProperties) = preSolution
		HideSolutionNode = FALSE
	EndGlobalSection
	GlobalSection(ExtensibilityGlobals) = postSolution
		SolutionGuid = {9C824208-CFCB-4279-B64F-04539DAA0248}
	EndGlobalSection
EndGlobal
